
Microsoft Visual Studio Solution File, Format Version 12.00
# Visual Studio 15
VisualStudioVersion = 15.0.27428.2043
MinimumVisualStudioVersion = 10.0.40219.1
Project("{FAE04EC0-301F-11D3-BF4B-00C04F79EFBC}") = "ExIgniter.ObjectMapper", "ExIgniter.ObjectMapper\ExIgniter.ObjectMapper.csproj", "{8C624F8B-92EC-4527-9293-CB05B2D84C4E}"
EndProject
Project("{FAE04EC0-301F-11D3-BF4B-00C04F79EFBC}") = "ExIgniter.ObjectMapper.Console", "ExIgniter.ObjectMapper.Console\ExIgniter.ObjectMapper.Console.csproj", "{F74CECC2-E218-4225-B28E-5687B57DD0C3}"
EndProject
Project("{FAE04EC0-301F-11D3-BF4B-00C04F79EFBC}") = "ExIgniter.ObjectMapper.UnitTest", "ExIgniter.ObjectMapper.UnitTest\ExIgniter.ObjectMapper.UnitTest.csproj", "{AB86BCB9-551E-4DBD-A392-36A0170AB9B9}"
EndProject
Global
	GlobalSection(SolutionConfigurationPlatforms) = preSolution
		Debug|Any CPU = Debug|Any CPU
		Release|Any CPU = Release|Any CPU
	EndGlobalSection
	GlobalSection(ProjectConfigurationPlatforms) = postSolution
		{8C624F8B-92EC-4527-9293-CB05B2D84C4E}.Debug|Any CPU.ActiveCfg = Debug|Any CPU
		{8C624F8B-92EC-4527-9293-CB05B2D84C4E}.Debug|Any CPU.Build.0 = Debug|Any CPU
		{8C624F8B-92EC-4527-9293-CB05B2D84C4E}.Release|Any CPU.ActiveCfg = Release|Any CPU
		{8C624F8B-92EC-4527-9293-CB05B2D84C4E}.Release|Any CPU.Build.0 = Release|Any CPU
		{F74CECC2-E218-4225-B28E-5687B57DD0C3}.Debug|Any CPU.ActiveCfg = Debug|Any CPU
		{F74CECC2-E218-4225-B28E-5687B57DD0C3}.Debug|Any CPU.Build.0 = Debug|Any CPU
		{F74CECC2-E218-4225-B28E-5687B57DD0C3}.Release|Any CPU.ActiveCfg = Release|Any CPU
		{F74CECC2-E218-4225-B28E-5687B57DD0C3}.Release|Any CPU.Build.0 = Release|Any CPU
		{AB86BCB9-551E-4DBD-A392-36A0170AB9B9}.Debug|Any CPU.ActiveCfg = Debug|Any CPU
		{AB86BCB9-551E-4DBD-A392-36A0170AB9B9}.Debug|Any CPU.Build.0 = Debug|Any CPU
		{AB86BCB9-551E-4DBD-A392-36A0170AB9B9}.Release|Any CPU.ActiveCfg = Release|Any CPU
		{AB86BCB9-551E-4DBD-A392-36A0170AB9B9}.Release|Any CPU.Build.0 = Release|Any CPU
	EndGlobalSection
	GlobalSection(SolutionProperties) = preSolution
		HideSolutionNode = FALSE
	EndGlobalSection
	GlobalSection(ExtensibilityGlobals) = postSolution
		SolutionGuid = {3CF6E903-8A8F-4303-9EB8-A5A13BC7B1CB}
	EndGlobalSection
EndGlobal
